schema: '2.0'
stages:
  preprocess:
    cmd: "python src/preprocess.py --input_path data/raw/raw_data.csv --output_dir
      data/processed --artifacts_dir artifacts\n"
    deps:
    - path: data/raw/raw_data.csv
      hash: md5
      md5: 698688dd8ae89dedb3df4204dd68e4d7
      size: 455713
    - path: src/preprocess.py
      hash: md5
      md5: 19c9115677afbaaffef5c1c4f77e21dc
      size: 6151
    - path: src/processing.py
      hash: md5
      md5: 9da64c1d8450aa533bef818b510258b2
      size: 5631
    outs:
    - path: artifacts/preprocessor_artifact.joblib
      hash: md5
      md5: eb4008393db8a463cfa9b381b614a4f1
      size: 4667
    - path: data/processed/test_processed.csv
      hash: md5
      md5: 2139404cd441bacb8b2c24f150bafbed
      size: 317734
    - path: data/processed/train_processed.csv
      hash: md5
      md5: 348f732c84d680603ced76fddb599347
      size: 1270732
  train:
    cmd: "python src/train.py --train_data_path data/processed/train_processed.csv
      --test_data_path data/processed/test_processed.csv --artifacts_dir artifacts\n"
    deps:
    - path: data/processed/test_processed.csv
      hash: md5
      md5: 2139404cd441bacb8b2c24f150bafbed
      size: 317734
    - path: data/processed/train_processed.csv
      hash: md5
      md5: 348f732c84d680603ced76fddb599347
      size: 1270732
    - path: src/train.py
      hash: md5
      md5: 2a69b6db905d3e5d5127143e87c3f936
      size: 5062
    outs:
    - path: artifacts/label_encoder.joblib
      hash: md5
      md5: 68c80d6f48e73ceda08ab65d61adaa7b
      size: 532
    - path: artifacts/model_pipeline_xgb.joblib
      hash: md5
      md5: a92344b4bb44493797934ed73c7d250a
      size: 928945
